{
  "version": 4,
  "terraform_version": "1.2.8",
  "serial": 43,
  "lineage": "9fc6fc25-ed40-f0c1-ac78-f92b8d0d91a1",
  "outputs": {},
  "resources": [
    {
      "mode": "managed",
      "type": "azurerm_linux_virtual_machine",
      "name": "tfmachine",
      "provider": "provider[\"registry.terraform.io/hashicorp/azurerm\"]",
      "instances": [
        {
          "schema_version": 0,
          "attributes": {
            "additional_capabilities": [],
            "admin_password": "Knreddy339191",
            "admin_ssh_key": [],
            "admin_username": "adminuser",
            "allow_extension_operations": true,
            "availability_set_id": "",
            "boot_diagnostics": [],
            "computer_name": "tfvn-vmtf",
            "custom_data": null,
            "dedicated_host_group_id": "",
            "dedicated_host_id": "",
            "disable_password_authentication": false,
            "edge_zone": "",
            "encryption_at_host_enabled": false,
            "eviction_policy": "",
            "extensions_time_budget": "PT1H30M",
            "id": "/subscriptions/c5753d72-28fc-43d8-ab70-1c7a04af209e/resourceGroups/tftest/providers/Microsoft.Compute/virtualMachines/tfvn-vmtf",
            "identity": [],
            "license_type": "",
            "location": "eastus",
            "max_bid_price": -1,
            "name": "tfvn-vmtf",
            "network_interface_ids": [
              "/subscriptions/c5753d72-28fc-43d8-ab70-1c7a04af209e/resourceGroups/tftest/providers/Microsoft.Network/networkInterfaces/tfvn-nic"
            ],
            "os_disk": [
              {
                "caching": "ReadWrite",
                "diff_disk_settings": [],
                "disk_encryption_set_id": "",
                "disk_size_gb": 30,
                "name": "tfvn-vmtf_OsDisk_1_40885c08ecd045ab8f696a62dbca7bef",
                "storage_account_type": "Standard_LRS",
                "write_accelerator_enabled": false
              }
            ],
            "patch_mode": "ImageDefault",
            "plan": [],
            "platform_fault_domain": -1,
            "priority": "Regular",
            "private_ip_address": "10.10.1.4",
            "private_ip_addresses": [
              "10.10.1.4"
            ],
            "provision_vm_agent": true,
            "proximity_placement_group_id": "",
            "public_ip_address": "",
            "public_ip_addresses": [],
            "resource_group_name": "tftest",
            "secret": [],
            "secure_boot_enabled": false,
            "size": "Standard_F2",
            "source_image_id": "",
            "source_image_reference": [
              {
                "offer": "UbuntuServer",
                "publisher": "Canonical",
                "sku": "16.04-LTS",
                "version": "latest"
              }
            ],
            "tags": {},
            "termination_notification": [],
            "timeouts": null,
            "user_data": "",
            "virtual_machine_id": "1e12072b-2a67-445b-a5fb-2235a03965bb",
            "virtual_machine_scale_set_id": "",
            "vtpm_enabled": false,
            "zone": ""
          },
          "sensitive_attributes": [],
          "private": "eyJlMmJmYjczMC1lY2FhLTExZTYtOGY4OC0zNDM2M2JjN2M0YzAiOnsiY3JlYXRlIjoyNzAwMDAwMDAwMDAwLCJkZWxldGUiOjI3MDAwMDAwMDAwMDAsInJlYWQiOjMwMDAwMDAwMDAwMCwidXBkYXRlIjoyNzAwMDAwMDAwMDAwfX0=",
          "dependencies": [
            "azurerm_network_interface.ani",
            "azurerm_resource_group.resourcegroup",
            "azurerm_subnet.subnetf",
            "azurerm_virtual_network.virtualnet"
          ]
        }
      ]
    },
    {
      "mode": "managed",
      "type": "azurerm_network_interface",
      "name": "ani",
      "provider": "provider[\"registry.terraform.io/hashicorp/azurerm\"]",
      "instances": [
        {
          "schema_version": 0,
          "attributes": {
            "applied_dns_servers": [],
            "dns_servers": [],
            "edge_zone": "",
            "enable_accelerated_networking": false,
            "enable_ip_forwarding": false,
            "id": "/subscriptions/c5753d72-28fc-43d8-ab70-1c7a04af209e/resourceGroups/tftest/providers/Microsoft.Network/networkInterfaces/tfvn-nic",
            "internal_dns_name_label": "",
            "internal_domain_name_suffix": "d2btrnhsgvuufocbvygxfimn4b.bx.internal.cloudapp.net",
            "ip_configuration": [
              {
                "gateway_load_balancer_frontend_ip_configuration_id": "",
                "name": "internal",
                "primary": true,
                "private_ip_address": "10.10.1.4",
                "private_ip_address_allocation": "Dynamic",
                "private_ip_address_version": "IPv4",
                "public_ip_address_id": "",
                "subnet_id": "/subscriptions/c5753d72-28fc-43d8-ab70-1c7a04af209e/resourceGroups/tftest/providers/Microsoft.Network/virtualNetworks/tfvn/subnets/subnettf"
              }
            ],
            "location": "eastus",
            "mac_address": "00-22-48-2C-29-1C",
            "name": "tfvn-nic",
            "private_ip_address": "10.10.1.4",
            "private_ip_addresses": [
              "10.10.1.4"
            ],
            "resource_group_name": "tftest",
            "tags": {},
            "timeouts": null,
            "virtual_machine_id": "/subscriptions/c5753d72-28fc-43d8-ab70-1c7a04af209e/resourceGroups/tftest/providers/Microsoft.Compute/virtualMachines/tfvn-vmtf"
          },
          "sensitive_attributes": [],
          "private": "eyJlMmJmYjczMC1lY2FhLTExZTYtOGY4OC0zNDM2M2JjN2M0YzAiOnsiY3JlYXRlIjoxODAwMDAwMDAwMDAwLCJkZWxldGUiOjE4MDAwMDAwMDAwMDAsInJlYWQiOjMwMDAwMDAwMDAwMCwidXBkYXRlIjoxODAwMDAwMDAwMDAwfX0=",
          "dependencies": [
            "azurerm_resource_group.resourcegroup",
            "azurerm_subnet.subnetf",
            "azurerm_virtual_network.virtualnet"
          ]
        }
      ]
    },
    {
      "mode": "managed",
      "type": "azurerm_resource_group",
      "name": "resourcegroup",
      "provider": "provider[\"registry.terraform.io/hashicorp/azurerm\"]",
      "instances": [
        {
          "schema_version": 0,
          "attributes": {
            "id": "/subscriptions/c5753d72-28fc-43d8-ab70-1c7a04af209e/resourceGroups/tftest",
            "location": "eastus",
            "name": "tftest",
            "tags": {},
            "timeouts": null
          },
          "sensitive_attributes": [],
          "private": "eyJlMmJmYjczMC1lY2FhLTExZTYtOGY4OC0zNDM2M2JjN2M0YzAiOnsiY3JlYXRlIjo1NDAwMDAwMDAwMDAwLCJkZWxldGUiOjU0MDAwMDAwMDAwMDAsInJlYWQiOjMwMDAwMDAwMDAwMCwidXBkYXRlIjo1NDAwMDAwMDAwMDAwfX0="
        }
      ]
    },
    {
      "mode": "managed",
      "type": "azurerm_storage_account",
      "name": "saname",
      "provider": "provider[\"registry.terraform.io/hashicorp/azurerm\"]",
      "instances": [
        {
          "schema_version": 3,
          "attributes": {
            "access_tier": "Hot",
            "account_kind": "StorageV2",
            "account_replication_type": "GRS",
            "account_tier": "Standard",
            "allow_nested_items_to_be_public": true,
            "azure_files_authentication": [],
            "blob_properties": [
              {
                "change_feed_enabled": false,
                "container_delete_retention_policy": [],
                "cors_rule": [],
                "default_service_version": "",
                "delete_retention_policy": [],
                "last_access_time_enabled": false,
                "versioning_enabled": false
              }
            ],
            "custom_domain": [],
            "customer_managed_key": [],
            "edge_zone": "",
            "enable_https_traffic_only": true,
            "id": "/subscriptions/c5753d72-28fc-43d8-ab70-1c7a04af209e/resourceGroups/tftest/providers/Microsoft.Storage/storageAccounts/tfstorage321321",
            "identity": [],
            "infrastructure_encryption_enabled": false,
            "is_hns_enabled": false,
            "large_file_share_enabled": null,
            "location": "eastus",
            "min_tls_version": "TLS1_2",
            "name": "tfstorage321321",
            "network_rules": [
              {
                "bypass": [
                  "AzureServices"
                ],
                "default_action": "Allow",
                "ip_rules": [],
                "private_link_access": [],
                "virtual_network_subnet_ids": []
              }
            ],
            "nfsv3_enabled": false,
            "primary_access_key": "SGstTXf2XAVBMn6v08JOq2Uyfvnu84XyrLnVWHZBxMVUJxTFhf+yB4Q0X0Nkiqe2vL2n5Yglv3TU+AStnT9hoQ==",
            "primary_blob_connection_string": "DefaultEndpointsProtocol=https;BlobEndpoint=https://tfstorage321321.blob.core.windows.net/;AccountName=tfstorage321321;AccountKey=SGstTXf2XAVBMn6v08JOq2Uyfvnu84XyrLnVWHZBxMVUJxTFhf+yB4Q0X0Nkiqe2vL2n5Yglv3TU+AStnT9hoQ==",
            "primary_blob_endpoint": "https://tfstorage321321.blob.core.windows.net/",
            "primary_blob_host": "tfstorage321321.blob.core.windows.net",
            "primary_connection_string": "DefaultEndpointsProtocol=https;AccountName=tfstorage321321;AccountKey=SGstTXf2XAVBMn6v08JOq2Uyfvnu84XyrLnVWHZBxMVUJxTFhf+yB4Q0X0Nkiqe2vL2n5Yglv3TU+AStnT9hoQ==;EndpointSuffix=core.windows.net",
            "primary_dfs_endpoint": "https://tfstorage321321.dfs.core.windows.net/",
            "primary_dfs_host": "tfstorage321321.dfs.core.windows.net",
            "primary_file_endpoint": "https://tfstorage321321.file.core.windows.net/",
            "primary_file_host": "tfstorage321321.file.core.windows.net",
            "primary_location": "eastus",
            "primary_queue_endpoint": "https://tfstorage321321.queue.core.windows.net/",
            "primary_queue_host": "tfstorage321321.queue.core.windows.net",
            "primary_table_endpoint": "https://tfstorage321321.table.core.windows.net/",
            "primary_table_host": "tfstorage321321.table.core.windows.net",
            "primary_web_endpoint": "https://tfstorage321321.z13.web.core.windows.net/",
            "primary_web_host": "tfstorage321321.z13.web.core.windows.net",
            "queue_encryption_key_type": "Service",
            "queue_properties": [
              {
                "cors_rule": [],
                "hour_metrics": [
                  {
                    "enabled": true,
                    "include_apis": true,
                    "retention_policy_days": 7,
                    "version": "1.0"
                  }
                ],
                "logging": [
                  {
                    "delete": false,
                    "read": false,
                    "retention_policy_days": 0,
                    "version": "1.0",
                    "write": false
                  }
                ],
                "minute_metrics": [
                  {
                    "enabled": false,
                    "include_apis": false,
                    "retention_policy_days": 0,
                    "version": "1.0"
                  }
                ]
              }
            ],
            "resource_group_name": "tftest",
            "routing": [],
            "secondary_access_key": "HkTMheFI0L7JXWgJJQX4sxUCDQDinbM9IroK9vwcd+sr6BOvPXLU6Eha3Fydjxok3zrt85UEfiKd+AStJGma3A==",
            "secondary_blob_connection_string": "",
            "secondary_blob_endpoint": null,
            "secondary_blob_host": null,
            "secondary_connection_string": "DefaultEndpointsProtocol=https;AccountName=tfstorage321321;AccountKey=HkTMheFI0L7JXWgJJQX4sxUCDQDinbM9IroK9vwcd+sr6BOvPXLU6Eha3Fydjxok3zrt85UEfiKd+AStJGma3A==;EndpointSuffix=core.windows.net",
            "secondary_dfs_endpoint": null,
            "secondary_dfs_host": null,
            "secondary_file_endpoint": null,
            "secondary_file_host": null,
            "secondary_location": "westus",
            "secondary_queue_endpoint": null,
            "secondary_queue_host": null,
            "secondary_table_endpoint": null,
            "secondary_table_host": null,
            "secondary_web_endpoint": null,
            "secondary_web_host": null,
            "share_properties": [
              {
                "cors_rule": [],
                "retention_policy": [
                  {
                    "days": 7
                  }
                ],
                "smb": []
              }
            ],
            "shared_access_key_enabled": true,
            "static_website": [],
            "table_encryption_key_type": "Service",
            "tags": null,
            "timeouts": null
          },
          "sensitive_attributes": [],
          "private": "eyJlMmJmYjczMC1lY2FhLTExZTYtOGY4OC0zNDM2M2JjN2M0YzAiOnsiY3JlYXRlIjozNjAwMDAwMDAwMDAwLCJkZWxldGUiOjM2MDAwMDAwMDAwMDAsInJlYWQiOjMwMDAwMDAwMDAwMCwidXBkYXRlIjozNjAwMDAwMDAwMDAwfSwic2NoZW1hX3ZlcnNpb24iOiIzIn0=",
          "dependencies": [
            "azurerm_resource_group.resourcegroup"
          ]
        }
      ]
    },
    {
      "mode": "managed",
      "type": "azurerm_subnet",
      "name": "subnetf",
      "provider": "provider[\"registry.terraform.io/hashicorp/azurerm\"]",
      "instances": [
        {
          "schema_version": 0,
          "attributes": {
            "address_prefixes": [
              "10.10.1.0/24"
            ],
            "delegation": [],
            "enforce_private_link_endpoint_network_policies": false,
            "enforce_private_link_service_network_policies": false,
            "id": "/subscriptions/c5753d72-28fc-43d8-ab70-1c7a04af209e/resourceGroups/tftest/providers/Microsoft.Network/virtualNetworks/tfvn/subnets/subnettf",
            "name": "subnettf",
            "resource_group_name": "tftest",
            "service_endpoint_policy_ids": [],
            "service_endpoints": [],
            "timeouts": null,
            "virtual_network_name": "tfvn"
          },
          "sensitive_attributes": [],
          "private": "eyJlMmJmYjczMC1lY2FhLTExZTYtOGY4OC0zNDM2M2JjN2M0YzAiOnsiY3JlYXRlIjoxODAwMDAwMDAwMDAwLCJkZWxldGUiOjE4MDAwMDAwMDAwMDAsInJlYWQiOjMwMDAwMDAwMDAwMCwidXBkYXRlIjoxODAwMDAwMDAwMDAwfX0=",
          "dependencies": [
            "azurerm_resource_group.resourcegroup",
            "azurerm_virtual_network.virtualnet"
          ]
        }
      ]
    },
    {
      "mode": "managed",
      "type": "azurerm_virtual_network",
      "name": "virtualnet",
      "provider": "provider[\"registry.terraform.io/hashicorp/azurerm\"]",
      "instances": [
        {
          "schema_version": 0,
          "attributes": {
            "address_space": [
              "10.10.0.0/16"
            ],
            "bgp_community": "",
            "ddos_protection_plan": [],
            "dns_servers": [],
            "edge_zone": "",
            "flow_timeout_in_minutes": 0,
            "guid": "b438031f-35f2-4269-b841-ae0d72a18df1",
            "id": "/subscriptions/c5753d72-28fc-43d8-ab70-1c7a04af209e/resourceGroups/tftest/providers/Microsoft.Network/virtualNetworks/tfvn",
            "location": "eastus",
            "name": "tfvn",
            "resource_group_name": "tftest",
            "subnet": [
              {
                "address_prefix": "10.10.1.0/24",
                "id": "/subscriptions/c5753d72-28fc-43d8-ab70-1c7a04af209e/resourceGroups/tftest/providers/Microsoft.Network/virtualNetworks/tfvn/subnets/subnettf",
                "name": "subnettf",
                "security_group": ""
              }
            ],
            "tags": {},
            "timeouts": null
          },
          "sensitive_attributes": [],
          "private": "eyJlMmJmYjczMC1lY2FhLTExZTYtOGY4OC0zNDM2M2JjN2M0YzAiOnsiY3JlYXRlIjoxODAwMDAwMDAwMDAwLCJkZWxldGUiOjE4MDAwMDAwMDAwMDAsInJlYWQiOjMwMDAwMDAwMDAwMCwidXBkYXRlIjoxODAwMDAwMDAwMDAwfX0=",
          "dependencies": [
            "azurerm_resource_group.resourcegroup"
          ]
        }
      ]
    }
  ]
}
