{
  "version": 4,
  "terraform_version": "1.2.8",
  "serial": 46,
  "lineage": "9fc6fc25-ed40-f0c1-ac78-f92b8d0d91a1",
  "outputs": {},
  "resources": [
    {
      "mode": "managed",
      "type": "azurerm_app_service",
      "name": "tfapp",
      "provider": "provider[\"registry.terraform.io/hashicorp/azurerm\"]",
      "instances": [
        {
          "schema_version": 0,
          "attributes": {
            "app_service_plan_id": "/subscriptions/c5753d72-28fc-43d8-ab70-1c7a04af209e/resourceGroups/tftest/providers/Microsoft.Web/serverfarms/tfappserviceplan-appserviceplan",
            "app_settings": {
              "WEBSITE_NODE_DEFAULT_VERSION": "6.9.1"
            },
            "auth_settings": [
              {
                "active_directory": [],
                "additional_login_params": {},
                "allowed_external_redirect_urls": [],
                "default_provider": "",
                "enabled": false,
                "facebook": [],
                "google": [],
                "issuer": "",
                "microsoft": [],
                "runtime_version": "",
                "token_refresh_extension_hours": 0,
                "token_store_enabled": false,
                "twitter": [],
                "unauthenticated_client_action": ""
              }
            ],
            "backup": [],
            "client_affinity_enabled": false,
            "client_cert_enabled": false,
            "client_cert_mode": "Required",
            "connection_string": [],
            "custom_domain_verification_id": "103CACB9CF19B4202A87537CE7C4699751E99E72FE7C473C5C5C739391D4626C",
            "default_site_hostname": "tfappservice-app-service.azurewebsites.net",
            "enabled": true,
            "https_only": false,
            "id": "/subscriptions/c5753d72-28fc-43d8-ab70-1c7a04af209e/resourceGroups/tftest/providers/Microsoft.Web/sites/tfappservice-app-service",
            "identity": [],
            "key_vault_reference_identity_id": "SystemAssigned",
            "location": "eastus",
            "logs": [
              {
                "application_logs": [
                  {
                    "azure_blob_storage": [],
                    "file_system_level": "Off"
                  }
                ],
                "detailed_error_messages_enabled": false,
                "failed_request_tracing_enabled": false,
                "http_logs": [
                  {
                    "azure_blob_storage": [],
                    "file_system": []
                  }
                ]
              }
            ],
            "name": "tfappservice-app-service",
            "outbound_ip_address_list": [
              "20.83.142.100",
              "20.83.142.177",
              "20.83.142.238",
              "20.83.142.254",
              "20.83.143.103",
              "20.83.143.129",
              "20.119.16.11"
            ],
            "outbound_ip_addresses": "20.83.142.100,20.83.142.177,20.83.142.238,20.83.142.254,20.83.143.103,20.83.143.129,20.119.16.11",
            "possible_outbound_ip_address_list": [
              "20.83.142.100",
              "20.83.142.177",
              "20.83.142.238",
              "20.83.142.254",
              "20.83.143.103",
              "20.83.143.129",
              "20.83.143.211",
              "20.83.143.243",
              "20.120.64.20",
              "20.120.64.75",
              "20.120.64.126",
              "20.120.64.137",
              "20.120.64.166",
              "20.120.64.210",
              "20.120.65.10",
              "20.120.65.28",
              "20.120.65.62",
              "20.83.142.243",
              "20.120.65.99",
              "20.120.65.199",
              "20.120.65.239",
              "20.120.65.251",
              "20.120.66.80",
              "20.83.138.15",
              "20.83.138.110",
              "20.120.66.126",
              "20.120.66.175",
              "20.120.66.197",
              "20.120.67.77",
              "20.120.67.85",
              "20.119.16.11"
            ],
            "possible_outbound_ip_addresses": "20.83.142.100,20.83.142.177,20.83.142.238,20.83.142.254,20.83.143.103,20.83.143.129,20.83.143.211,20.83.143.243,20.120.64.20,20.120.64.75,20.120.64.126,20.120.64.137,20.120.64.166,20.120.64.210,20.120.65.10,20.120.65.28,20.120.65.62,20.83.142.243,20.120.65.99,20.120.65.199,20.120.65.239,20.120.65.251,20.120.66.80,20.83.138.15,20.83.138.110,20.120.66.126,20.120.66.175,20.120.66.197,20.120.67.77,20.120.67.85,20.119.16.11",
            "resource_group_name": "tftest",
            "site_config": [
              {
                "acr_use_managed_identity_credentials": false,
                "acr_user_managed_identity_client_id": "",
                "always_on": false,
                "app_command_line": "",
                "auto_swap_slot_name": "",
                "cors": [],
                "default_documents": [
                  "Default.htm",
                  "Default.html",
                  "Default.asp",
                  "index.htm",
                  "index.html",
                  "iisstart.htm",
                  "default.aspx",
                  "index.php",
                  "hostingstart.html"
                ],
                "dotnet_framework_version": "v4.0",
                "ftps_state": "AllAllowed",
                "health_check_path": "",
                "http2_enabled": false,
                "ip_restriction": [],
                "java_container": "",
                "java_container_version": "",
                "java_version": "",
                "linux_fx_version": "",
                "local_mysql_enabled": false,
                "managed_pipeline_mode": "Integrated",
                "min_tls_version": "1.2",
                "number_of_workers": 1,
                "php_version": "5.6",
                "python_version": "",
                "remote_debugging_enabled": false,
                "remote_debugging_version": "",
                "scm_ip_restriction": [],
                "scm_type": "None",
                "scm_use_main_ip_restriction": false,
                "use_32_bit_worker_process": true,
                "vnet_route_all_enabled": false,
                "websockets_enabled": false,
                "windows_fx_version": ""
              }
            ],
            "site_credential": [
              {
                "password": "KecMYZiZN8iaGEsxSmrtJgS4qGDlpNnFvq1rd79mKpkab72wwssEhsQdsDum",
                "username": "$tfappservice-app-service"
              }
            ],
            "source_control": [
              {
                "branch": "main",
                "manual_integration": false,
                "repo_url": "",
                "rollback_enabled": false,
                "use_mercurial": false
              }
            ],
            "storage_account": [],
            "tags": null,
            "timeouts": null
          },
          "sensitive_attributes": [],
          "private": "eyJlMmJmYjczMC1lY2FhLTExZTYtOGY4OC0zNDM2M2JjN2M0YzAiOnsiY3JlYXRlIjoxODAwMDAwMDAwMDAwLCJkZWxldGUiOjE4MDAwMDAwMDAwMDAsInJlYWQiOjMwMDAwMDAwMDAwMCwidXBkYXRlIjoxODAwMDAwMDAwMDAwfX0=",
          "dependencies": [
            "azurerm_app_service_plan.tfappserviceplan",
            "azurerm_resource_group.resourcegroup"
          ]
        }
      ]
    },
    {
      "mode": "managed",
      "type": "azurerm_app_service_plan",
      "name": "tfappserviceplan",
      "provider": "provider[\"registry.terraform.io/hashicorp/azurerm\"]",
      "instances": [
        {
          "schema_version": 0,
          "attributes": {
            "app_service_environment_id": "",
            "id": "/subscriptions/c5753d72-28fc-43d8-ab70-1c7a04af209e/resourceGroups/tftest/providers/Microsoft.Web/serverfarms/tfappserviceplan-appserviceplan",
            "is_xenon": false,
            "kind": "Windows",
            "location": "eastus",
            "maximum_elastic_worker_count": 1,
            "maximum_number_of_workers": 10,
            "name": "tfappserviceplan-appserviceplan",
            "per_site_scaling": false,
            "reserved": false,
            "resource_group_name": "tftest",
            "sku": [
              {
                "capacity": 1,
                "size": "S1",
                "tier": "Standard"
              }
            ],
            "tags": null,
            "timeouts": null,
            "zone_redundant": false
          },
          "sensitive_attributes": [],
          "private": "eyJlMmJmYjczMC1lY2FhLTExZTYtOGY4OC0zNDM2M2JjN2M0YzAiOnsiY3JlYXRlIjozNjAwMDAwMDAwMDAwLCJkZWxldGUiOjM2MDAwMDAwMDAwMDAsInJlYWQiOjMwMDAwMDAwMDAwMCwidXBkYXRlIjozNjAwMDAwMDAwMDAwfX0=",
          "dependencies": [
            "azurerm_resource_group.resourcegroup"
          ]
        }
      ]
    },
    {
      "mode": "managed",
      "type": "azurerm_linux_virtual_machine",
      "name": "tfmachine",
      "provider": "provider[\"registry.terraform.io/hashicorp/azurerm\"]",
      "instances": [
        {
          "schema_version": 0,
          "attributes": {
            "additional_capabilities": [],
            "admin_password": "Knreddy339191",
            "admin_ssh_key": [],
            "admin_username": "adminuser",
            "allow_extension_operations": true,
            "availability_set_id": "",
            "boot_diagnostics": [],
            "computer_name": "tfvn-vmtf",
            "custom_data": null,
            "dedicated_host_group_id": "",
            "dedicated_host_id": "",
            "disable_password_authentication": false,
            "edge_zone": "",
            "encryption_at_host_enabled": false,
            "eviction_policy": "",
            "extensions_time_budget": "PT1H30M",
            "id": "/subscriptions/c5753d72-28fc-43d8-ab70-1c7a04af209e/resourceGroups/tftest/providers/Microsoft.Compute/virtualMachines/tfvn-vmtf",
            "identity": [],
            "license_type": "",
            "location": "eastus",
            "max_bid_price": -1,
            "name": "tfvn-vmtf",
            "network_interface_ids": [
              "/subscriptions/c5753d72-28fc-43d8-ab70-1c7a04af209e/resourceGroups/tftest/providers/Microsoft.Network/networkInterfaces/tfvn-nic"
            ],
            "os_disk": [
              {
                "caching": "ReadWrite",
                "diff_disk_settings": [],
                "disk_encryption_set_id": "",
                "disk_size_gb": 30,
                "name": "tfvn-vmtf_OsDisk_1_40885c08ecd045ab8f696a62dbca7bef",
                "storage_account_type": "Standard_LRS",
                "write_accelerator_enabled": false
              }
            ],
            "patch_mode": "ImageDefault",
            "plan": [],
            "platform_fault_domain": -1,
            "priority": "Regular",
            "private_ip_address": "10.10.1.4",
            "private_ip_addresses": [
              "10.10.1.4"
            ],
            "provision_vm_agent": true,
            "proximity_placement_group_id": "",
            "public_ip_address": "",
            "public_ip_addresses": [],
            "resource_group_name": "tftest",
            "secret": [],
            "secure_boot_enabled": false,
            "size": "Standard_F2",
            "source_image_id": "",
            "source_image_reference": [
              {
                "offer": "UbuntuServer",
                "publisher": "Canonical",
                "sku": "16.04-LTS",
                "version": "latest"
              }
            ],
            "tags": {},
            "termination_notification": [],
            "timeouts": null,
            "user_data": "",
            "virtual_machine_id": "1e12072b-2a67-445b-a5fb-2235a03965bb",
            "virtual_machine_scale_set_id": "",
            "vtpm_enabled": false,
            "zone": ""
          },
          "sensitive_attributes": [],
          "private": "eyJlMmJmYjczMC1lY2FhLTExZTYtOGY4OC0zNDM2M2JjN2M0YzAiOnsiY3JlYXRlIjoyNzAwMDAwMDAwMDAwLCJkZWxldGUiOjI3MDAwMDAwMDAwMDAsInJlYWQiOjMwMDAwMDAwMDAwMCwidXBkYXRlIjoyNzAwMDAwMDAwMDAwfX0=",
          "dependencies": [
            "azurerm_network_interface.ani",
            "azurerm_resource_group.resourcegroup",
            "azurerm_subnet.subnetf",
            "azurerm_virtual_network.virtualnet"
          ]
        }
      ]
    },
    {
      "mode": "managed",
      "type": "azurerm_network_interface",
      "name": "ani",
      "provider": "provider[\"registry.terraform.io/hashicorp/azurerm\"]",
      "instances": [
        {
          "schema_version": 0,
          "attributes": {
            "applied_dns_servers": [],
            "dns_servers": [],
            "edge_zone": "",
            "enable_accelerated_networking": false,
            "enable_ip_forwarding": false,
            "id": "/subscriptions/c5753d72-28fc-43d8-ab70-1c7a04af209e/resourceGroups/tftest/providers/Microsoft.Network/networkInterfaces/tfvn-nic",
            "internal_dns_name_label": "",
            "internal_domain_name_suffix": "d2btrnhsgvuufocbvygxfimn4b.bx.internal.cloudapp.net",
            "ip_configuration": [
              {
                "gateway_load_balancer_frontend_ip_configuration_id": "",
                "name": "internal",
                "primary": true,
                "private_ip_address": "10.10.1.4",
                "private_ip_address_allocation": "Dynamic",
                "private_ip_address_version": "IPv4",
                "public_ip_address_id": "",
                "subnet_id": "/subscriptions/c5753d72-28fc-43d8-ab70-1c7a04af209e/resourceGroups/tftest/providers/Microsoft.Network/virtualNetworks/tfvn/subnets/subnettf"
              }
            ],
            "location": "eastus",
            "mac_address": "00-22-48-2C-29-1C",
            "name": "tfvn-nic",
            "private_ip_address": "10.10.1.4",
            "private_ip_addresses": [
              "10.10.1.4"
            ],
            "resource_group_name": "tftest",
            "tags": {},
            "timeouts": null,
            "virtual_machine_id": "/subscriptions/c5753d72-28fc-43d8-ab70-1c7a04af209e/resourceGroups/tftest/providers/Microsoft.Compute/virtualMachines/tfvn-vmtf"
          },
          "sensitive_attributes": [],
          "private": "eyJlMmJmYjczMC1lY2FhLTExZTYtOGY4OC0zNDM2M2JjN2M0YzAiOnsiY3JlYXRlIjoxODAwMDAwMDAwMDAwLCJkZWxldGUiOjE4MDAwMDAwMDAwMDAsInJlYWQiOjMwMDAwMDAwMDAwMCwidXBkYXRlIjoxODAwMDAwMDAwMDAwfX0=",
          "dependencies": [
            "azurerm_resource_group.resourcegroup",
            "azurerm_subnet.subnetf",
            "azurerm_virtual_network.virtualnet"
          ]
        }
      ]
    },
    {
      "mode": "managed",
      "type": "azurerm_resource_group",
      "name": "resourcegroup",
      "provider": "provider[\"registry.terraform.io/hashicorp/azurerm\"]",
      "instances": [
        {
          "schema_version": 0,
          "attributes": {
            "id": "/subscriptions/c5753d72-28fc-43d8-ab70-1c7a04af209e/resourceGroups/tftest",
            "location": "eastus",
            "name": "tftest",
            "tags": {},
            "timeouts": null
          },
          "sensitive_attributes": [],
          "private": "eyJlMmJmYjczMC1lY2FhLTExZTYtOGY4OC0zNDM2M2JjN2M0YzAiOnsiY3JlYXRlIjo1NDAwMDAwMDAwMDAwLCJkZWxldGUiOjU0MDAwMDAwMDAwMDAsInJlYWQiOjMwMDAwMDAwMDAwMCwidXBkYXRlIjo1NDAwMDAwMDAwMDAwfX0="
        }
      ]
    },
    {
      "mode": "managed",
      "type": "azurerm_storage_account",
      "name": "saname",
      "provider": "provider[\"registry.terraform.io/hashicorp/azurerm\"]",
      "instances": [
        {
          "schema_version": 3,
          "attributes": {
            "access_tier": "Hot",
            "account_kind": "StorageV2",
            "account_replication_type": "GRS",
            "account_tier": "Standard",
            "allow_nested_items_to_be_public": true,
            "azure_files_authentication": [],
            "blob_properties": [
              {
                "change_feed_enabled": false,
                "container_delete_retention_policy": [],
                "cors_rule": [],
                "default_service_version": "",
                "delete_retention_policy": [],
                "last_access_time_enabled": false,
                "versioning_enabled": false
              }
            ],
            "custom_domain": [],
            "customer_managed_key": [],
            "edge_zone": "",
            "enable_https_traffic_only": true,
            "id": "/subscriptions/c5753d72-28fc-43d8-ab70-1c7a04af209e/resourceGroups/tftest/providers/Microsoft.Storage/storageAccounts/tfstorage321321",
            "identity": [],
            "infrastructure_encryption_enabled": false,
            "is_hns_enabled": false,
            "large_file_share_enabled": null,
            "location": "eastus",
            "min_tls_version": "TLS1_2",
            "name": "tfstorage321321",
            "network_rules": [
              {
                "bypass": [
                  "AzureServices"
                ],
                "default_action": "Allow",
                "ip_rules": [],
                "private_link_access": [],
                "virtual_network_subnet_ids": []
              }
            ],
            "nfsv3_enabled": false,
            "primary_access_key": "SGstTXf2XAVBMn6v08JOq2Uyfvnu84XyrLnVWHZBxMVUJxTFhf+yB4Q0X0Nkiqe2vL2n5Yglv3TU+AStnT9hoQ==",
            "primary_blob_connection_string": "DefaultEndpointsProtocol=https;BlobEndpoint=https://tfstorage321321.blob.core.windows.net/;AccountName=tfstorage321321;AccountKey=SGstTXf2XAVBMn6v08JOq2Uyfvnu84XyrLnVWHZBxMVUJxTFhf+yB4Q0X0Nkiqe2vL2n5Yglv3TU+AStnT9hoQ==",
            "primary_blob_endpoint": "https://tfstorage321321.blob.core.windows.net/",
            "primary_blob_host": "tfstorage321321.blob.core.windows.net",
            "primary_connection_string": "DefaultEndpointsProtocol=https;AccountName=tfstorage321321;AccountKey=SGstTXf2XAVBMn6v08JOq2Uyfvnu84XyrLnVWHZBxMVUJxTFhf+yB4Q0X0Nkiqe2vL2n5Yglv3TU+AStnT9hoQ==;EndpointSuffix=core.windows.net",
            "primary_dfs_endpoint": "https://tfstorage321321.dfs.core.windows.net/",
            "primary_dfs_host": "tfstorage321321.dfs.core.windows.net",
            "primary_file_endpoint": "https://tfstorage321321.file.core.windows.net/",
            "primary_file_host": "tfstorage321321.file.core.windows.net",
            "primary_location": "eastus",
            "primary_queue_endpoint": "https://tfstorage321321.queue.core.windows.net/",
            "primary_queue_host": "tfstorage321321.queue.core.windows.net",
            "primary_table_endpoint": "https://tfstorage321321.table.core.windows.net/",
            "primary_table_host": "tfstorage321321.table.core.windows.net",
            "primary_web_endpoint": "https://tfstorage321321.z13.web.core.windows.net/",
            "primary_web_host": "tfstorage321321.z13.web.core.windows.net",
            "queue_encryption_key_type": "Service",
            "queue_properties": [
              {
                "cors_rule": [],
                "hour_metrics": [
                  {
                    "enabled": true,
                    "include_apis": true,
                    "retention_policy_days": 7,
                    "version": "1.0"
                  }
                ],
                "logging": [
                  {
                    "delete": false,
                    "read": false,
                    "retention_policy_days": 0,
                    "version": "1.0",
                    "write": false
                  }
                ],
                "minute_metrics": [
                  {
                    "enabled": false,
                    "include_apis": false,
                    "retention_policy_days": 0,
                    "version": "1.0"
                  }
                ]
              }
            ],
            "resource_group_name": "tftest",
            "routing": [],
            "secondary_access_key": "HkTMheFI0L7JXWgJJQX4sxUCDQDinbM9IroK9vwcd+sr6BOvPXLU6Eha3Fydjxok3zrt85UEfiKd+AStJGma3A==",
            "secondary_blob_connection_string": "",
            "secondary_blob_endpoint": null,
            "secondary_blob_host": null,
            "secondary_connection_string": "DefaultEndpointsProtocol=https;AccountName=tfstorage321321;AccountKey=HkTMheFI0L7JXWgJJQX4sxUCDQDinbM9IroK9vwcd+sr6BOvPXLU6Eha3Fydjxok3zrt85UEfiKd+AStJGma3A==;EndpointSuffix=core.windows.net",
            "secondary_dfs_endpoint": null,
            "secondary_dfs_host": null,
            "secondary_file_endpoint": null,
            "secondary_file_host": null,
            "secondary_location": "westus",
            "secondary_queue_endpoint": null,
            "secondary_queue_host": null,
            "secondary_table_endpoint": null,
            "secondary_table_host": null,
            "secondary_web_endpoint": null,
            "secondary_web_host": null,
            "share_properties": [
              {
                "cors_rule": [],
                "retention_policy": [
                  {
                    "days": 7
                  }
                ],
                "smb": []
              }
            ],
            "shared_access_key_enabled": true,
            "static_website": [],
            "table_encryption_key_type": "Service",
            "tags": {},
            "timeouts": null
          },
          "sensitive_attributes": [],
          "private": "eyJlMmJmYjczMC1lY2FhLTExZTYtOGY4OC0zNDM2M2JjN2M0YzAiOnsiY3JlYXRlIjozNjAwMDAwMDAwMDAwLCJkZWxldGUiOjM2MDAwMDAwMDAwMDAsInJlYWQiOjMwMDAwMDAwMDAwMCwidXBkYXRlIjozNjAwMDAwMDAwMDAwfSwic2NoZW1hX3ZlcnNpb24iOiIzIn0=",
          "dependencies": [
            "azurerm_resource_group.resourcegroup"
          ]
        }
      ]
    },
    {
      "mode": "managed",
      "type": "azurerm_subnet",
      "name": "subnetf",
      "provider": "provider[\"registry.terraform.io/hashicorp/azurerm\"]",
      "instances": [
        {
          "schema_version": 0,
          "attributes": {
            "address_prefixes": [
              "10.10.1.0/24"
            ],
            "delegation": [],
            "enforce_private_link_endpoint_network_policies": false,
            "enforce_private_link_service_network_policies": false,
            "id": "/subscriptions/c5753d72-28fc-43d8-ab70-1c7a04af209e/resourceGroups/tftest/providers/Microsoft.Network/virtualNetworks/tfvn/subnets/subnettf",
            "name": "subnettf",
            "resource_group_name": "tftest",
            "service_endpoint_policy_ids": [],
            "service_endpoints": [],
            "timeouts": null,
            "virtual_network_name": "tfvn"
          },
          "sensitive_attributes": [],
          "private": "eyJlMmJmYjczMC1lY2FhLTExZTYtOGY4OC0zNDM2M2JjN2M0YzAiOnsiY3JlYXRlIjoxODAwMDAwMDAwMDAwLCJkZWxldGUiOjE4MDAwMDAwMDAwMDAsInJlYWQiOjMwMDAwMDAwMDAwMCwidXBkYXRlIjoxODAwMDAwMDAwMDAwfX0=",
          "dependencies": [
            "azurerm_resource_group.resourcegroup",
            "azurerm_virtual_network.virtualnet"
          ]
        }
      ]
    },
    {
      "mode": "managed",
      "type": "azurerm_virtual_network",
      "name": "virtualnet",
      "provider": "provider[\"registry.terraform.io/hashicorp/azurerm\"]",
      "instances": [
        {
          "schema_version": 0,
          "attributes": {
            "address_space": [
              "10.10.0.0/16"
            ],
            "bgp_community": "",
            "ddos_protection_plan": [],
            "dns_servers": [],
            "edge_zone": "",
            "flow_timeout_in_minutes": 0,
            "guid": "b438031f-35f2-4269-b841-ae0d72a18df1",
            "id": "/subscriptions/c5753d72-28fc-43d8-ab70-1c7a04af209e/resourceGroups/tftest/providers/Microsoft.Network/virtualNetworks/tfvn",
            "location": "eastus",
            "name": "tfvn",
            "resource_group_name": "tftest",
            "subnet": [
              {
                "address_prefix": "10.10.1.0/24",
                "id": "/subscriptions/c5753d72-28fc-43d8-ab70-1c7a04af209e/resourceGroups/tftest/providers/Microsoft.Network/virtualNetworks/tfvn/subnets/subnettf",
                "name": "subnettf",
                "security_group": ""
              }
            ],
            "tags": {},
            "timeouts": null
          },
          "sensitive_attributes": [],
          "private": "eyJlMmJmYjczMC1lY2FhLTExZTYtOGY4OC0zNDM2M2JjN2M0YzAiOnsiY3JlYXRlIjoxODAwMDAwMDAwMDAwLCJkZWxldGUiOjE4MDAwMDAwMDAwMDAsInJlYWQiOjMwMDAwMDAwMDAwMCwidXBkYXRlIjoxODAwMDAwMDAwMDAwfX0=",
          "dependencies": [
            "azurerm_resource_group.resourcegroup"
          ]
        }
      ]
    }
  ]
}
